
Microsoft Visual Studio Solution File, Format Version 12.00
# Visual Studio Version 17
VisualStudioVersion = 17.5.33516.290
MinimumVisualStudioVersion = 10.0.40219.1
Project("{9A19103F-16F7-4668-BE54-9A1E7A4F7556}") = "DirectoryFingerPrinting", "DirectoryFingerPrinting.csproj", "{9805EE52-82FB-4A00-8909-9DCD25C9B977}"
EndProject
Project("{FAE04EC0-301F-11D3-BF4B-00C04F79EFBC}") = "ConsoleApp", "..\ConsoleApp\ConsoleApp.csproj", "{5E338329-0D09-4D84-9063-8F36F23EB654}"
EndProject
Global
	GlobalSection(SolutionConfigurationPlatforms) = preSolution
		Debug|Any CPU = Debug|Any CPU
		Release|Any CPU = Release|Any CPU
	EndGlobalSection
	GlobalSection(ProjectConfigurationPlatforms) = postSolution
		{9805EE52-82FB-4A00-8909-9DCD25C9B977}.Debug|Any CPU.ActiveCfg = Debug|Any CPU
		{9805EE52-82FB-4A00-8909-9DCD25C9B977}.Debug|Any CPU.Build.0 = Debug|Any CPU
		{9805EE52-82FB-4A00-8909-9DCD25C9B977}.Release|Any CPU.ActiveCfg = Release|Any CPU
		{9805EE52-82FB-4A00-8909-9DCD25C9B977}.Release|Any CPU.Build.0 = Release|Any CPU
		{5E338329-0D09-4D84-9063-8F36F23EB654}.Debug|Any CPU.ActiveCfg = Debug|Any CPU
		{5E338329-0D09-4D84-9063-8F36F23EB654}.Debug|Any CPU.Build.0 = Debug|Any CPU
		{5E338329-0D09-4D84-9063-8F36F23EB654}.Release|Any CPU.ActiveCfg = Release|Any CPU
		{5E338329-0D09-4D84-9063-8F36F23EB654}.Release|Any CPU.Build.0 = Release|Any CPU
	EndGlobalSection
	GlobalSection(SolutionProperties) = preSolution
		HideSolutionNode = FALSE
	EndGlobalSection
	GlobalSection(ExtensibilityGlobals) = postSolution
		SolutionGuid = {B9949D25-7ECC-4185-96D3-AD840AF32AB2}
	EndGlobalSection
EndGlobal
